// !$*UTF8*$!
{
	archiveVersion = 1;
	classes = {
	};
	objectVersion = 50;
	objects = {

/* Begin PBXBuildFile section */
		9829C1BC259886C0000A893E /* AppDelegate.swift in Sources */ = {isa = PBXBuildFile; fileRef = 9829C1BB259886C0000A893E /* AppDelegate.swift */; };
		9829C1BE259886C0000A893E /* SceneDelegate.swift in Sources */ = {isa = PBXBuildFile; fileRef = 9829C1BD259886C0000A893E /* SceneDelegate.swift */; };
		9829C1C0259886C0000A893E /* ViewController.swift in Sources */ = {isa = PBXBuildFile; fileRef = 9829C1BF259886C0000A893E /* ViewController.swift */; };
		9829C1C3259886C0000A893E /* Main.storyboard in Resources */ = {isa = PBXBuildFile; fileRef = 9829C1C1259886C0000A893E /* Main.storyboard */; };
		9829C1C5259886C1000A893E /* Assets.xcassets in Resources */ = {isa = PBXBuildFile; fileRef = 9829C1C4259886C1000A893E /* Assets.xcassets */; };
		9829C1C8259886C1000A893E /* LaunchScreen.storyboard in Resources */ = {isa = PBXBuildFile; fileRef = 9829C1C6259886C1000A893E /* LaunchScreen.storyboard */; };
		9829C1D3259886C1000A893E /* CardStackDemoTests.swift in Sources */ = {isa = PBXBuildFile; fileRef = 9829C1D2259886C1000A893E /* CardStackDemoTests.swift */; };
		9829C1DE259886C1000A893E /* CardStackDemoUITests.swift in Sources */ = {isa = PBXBuildFile; fileRef = 9829C1DD259886C1000A893E /* CardStackDemoUITests.swift */; };
		9829C1F725988CFB000A893E /* CardStack.framework in Frameworks */ = {isa = PBXBuildFile; fileRef = 9829C1F625988CFB000A893E /* CardStack.framework */; };
		9829C1F825988CFB000A893E /* CardStack.framework in Embed Frameworks */ = {isa = PBXBuildFile; fileRef = 9829C1F625988CFB000A893E /* CardStack.framework */; settings = {ATTRIBUTES = (CodeSignOnCopy, RemoveHeadersOnCopy, ); }; };
		9829C2092598971C000A893E /* FirstViewController.swift in Sources */ = {isa = PBXBuildFile; fileRef = 9829C2082598971C000A893E /* FirstViewController.swift */; };
		9829C20F2598972C000A893E /* SecondViewController.swift in Sources */ = {isa = PBXBuildFile; fileRef = 9829C20E2598972C000A893E /* SecondViewController.swift */; };
		9829C21325989738000A893E /* ThirdViewController.swift in Sources */ = {isa = PBXBuildFile; fileRef = 9829C21225989738000A893E /* ThirdViewController.swift */; };
		9829C21725989744000A893E /* FourthViewController.swift in Sources */ = {isa = PBXBuildFile; fileRef = 9829C21625989744000A893E /* FourthViewController.swift */; };
/* End PBXBuildFile section */

/* Begin PBXContainerItemProxy section */
		9829C1CF259886C1000A893E /* PBXContainerItemProxy */ = {
			isa = PBXContainerItemProxy;
			containerPortal = 9829C1B0259886C0000A893E /* Project object */;
			proxyType = 1;
			remoteGlobalIDString = 9829C1B7259886C0000A893E;
			remoteInfo = CardStackDemo;
		};
		9829C1DA259886C1000A893E /* PBXContainerItemProxy */ = {
			isa = PBXContainerItemProxy;
			containerPortal = 9829C1B0259886C0000A893E /* Project object */;
			proxyType = 1;
			remoteGlobalIDString = 9829C1B7259886C0000A893E;
			remoteInfo = CardStackDemo;
		};
/* End PBXContainerItemProxy section */

/* Begin PBXCopyFilesBuildPhase section */
		9829C1F925988CFB000A893E /* Embed Frameworks */ = {
			isa = PBXCopyFilesBuildPhase;
			buildActionMask = 2147483647;
			dstPath = "";
			dstSubfolderSpec = 10;
			files = (
				9829C1F825988CFB000A893E /* CardStack.framework in Embed Frameworks */,
			);
			name = "Embed Frameworks";
			runOnlyForDeploymentPostprocessing = 0;
		};
/* End PBXCopyFilesBuildPhase section */

/* Begin PBXFileReference section */
		9829C1B8259886C0000A893E /* CardStackDemo.app */ = {isa = PBXFileReference; explicitFileType = wrapper.application; includeInIndex = 0; path = CardStackDemo.app; sourceTree = BUILT_PRODUCTS_DIR; };
		9829C1BB259886C0000A893E /* AppDelegate.swift */ = {isa = PBXFileReference; lastKnownFileType = sourcecode.swift; path = AppDelegate.swift; sourceTree = "<group>"; };
		9829C1BD259886C0000A893E /* SceneDelegate.swift */ = {isa = PBXFileReference; lastKnownFileType = sourcecode.swift; path = SceneDelegate.swift; sourceTree = "<group>"; };
		9829C1BF259886C0000A893E /* ViewController.swift */ = {isa = PBXFileReference; lastKnownFileType = sourcecode.swift; path = ViewController.swift; sourceTree = "<group>"; };
		9829C1C2259886C0000A893E /* Base */ = {isa = PBXFileReference; lastKnownFileType = file.storyboard; name = Base; path = Base.lproj/Main.storyboard; sourceTree = "<group>"; };
		9829C1C4259886C1000A893E /* Assets.xcassets */ = {isa = PBXFileReference; lastKnownFileType = folder.assetcatalog; path = Assets.xcassets; sourceTree = "<group>"; };
		9829C1C7259886C1000A893E /* Base */ = {isa = PBXFileReference; lastKnownFileType = file.storyboard; name = Base; path = Base.lproj/LaunchScreen.storyboard; sourceTree = "<group>"; };
		9829C1C9259886C1000A893E /* Info.plist */ = {isa = PBXFileReference; lastKnownFileType = text.plist.xml; path = Info.plist; sourceTree = "<group>"; };
		9829C1CE259886C1000A893E /* CardStackDemoTests.xctest */ = {isa = PBXFileReference; explicitFileType = wrapper.cfbundle; includeInIndex = 0; path = CardStackDemoTests.xctest; sourceTree = BUILT_PRODUCTS_DIR; };
		9829C1D2259886C1000A893E /* CardStackDemoTests.swift */ = {isa = PBXFileReference; lastKnownFileType = sourcecode.swift; path = CardStackDemoTests.swift; sourceTree = "<group>"; };
		9829C1D4259886C1000A893E /* Info.plist */ = {isa = PBXFileReference; lastKnownFileType = text.plist.xml; path = Info.plist; sourceTree = "<group>"; };
		9829C1D9259886C1000A893E /* CardStackDemoUITests.xctest */ = {isa = PBXFileReference; explicitFileType = wrapper.cfbundle; includeInIndex = 0; path = CardStackDemoUITests.xctest; sourceTree = BUILT_PRODUCTS_DIR; };
		9829C1DD259886C1000A893E /* CardStackDemoUITests.swift */ = {isa = PBXFileReference; lastKnownFileType = sourcecode.swift; path = CardStackDemoUITests.swift; sourceTree = "<group>"; };
		9829C1DF259886C1000A893E /* Info.plist */ = {isa = PBXFileReference; lastKnownFileType = text.plist.xml; path = Info.plist; sourceTree = "<group>"; };
		9829C1F625988CFB000A893E /* CardStack.framework */ = {isa = PBXFileReference; explicitFileType = wrapper.framework; path = CardStack.framework; sourceTree = BUILT_PRODUCTS_DIR; };
		9829C2082598971C000A893E /* FirstViewController.swift */ = {isa = PBXFileReference; lastKnownFileType = sourcecode.swift; path = FirstViewController.swift; sourceTree = "<group>"; };
		9829C20E2598972C000A893E /* SecondViewController.swift */ = {isa = PBXFileReference; lastKnownFileType = sourcecode.swift; path = SecondViewController.swift; sourceTree = "<group>"; };
		9829C21225989738000A893E /* ThirdViewController.swift */ = {isa = PBXFileReference; lastKnownFileType = sourcecode.swift; path = ThirdViewController.swift; sourceTree = "<group>"; };
		9829C21625989744000A893E /* FourthViewController.swift */ = {isa = PBXFileReference; lastKnownFileType = sourcecode.swift; path = FourthViewController.swift; sourceTree = "<group>"; };
/* End PBXFileReference section */

/* Begin PBXFrameworksBuildPhase section */
		9829C1B5259886C0000A893E /* Frameworks */ = {
			isa = PBXFrameworksBuildPhase;
			buildActionMask = 2147483647;
			files = (
				9829C1F725988CFB000A893E /* CardStack.framework in Frameworks */,
			);
			runOnlyForDeploymentPostprocessing = 0;
		};
		9829C1CB259886C1000A893E /* Frameworks */ = {
			isa = PBXFrameworksBuildPhase;
			buildActionMask = 2147483647;
			files = (
			);
			runOnlyForDeploymentPostprocessing = 0;
		};
		9829C1D6259886C1000A893E /* Frameworks */ = {
			isa = PBXFrameworksBuildPhase;
			buildActionMask = 2147483647;
			files = (
			);
			runOnlyForDeploymentPostprocessing = 0;
		};
/* End PBXFrameworksBuildPhase section */

/* Begin PBXGroup section */
		9829C1AF259886C0000A893E = {
			isa = PBXGroup;
			children = (
				9829C1BA259886C0000A893E /* CardStackDemo */,
				9829C1D1259886C1000A893E /* CardStackDemoTests */,
				9829C1DC259886C1000A893E /* CardStackDemoUITests */,
				9829C1B9259886C0000A893E /* Products */,
				9829C1F525988CFB000A893E /* Frameworks */,
			);
			sourceTree = "<group>";
		};
		9829C1B9259886C0000A893E /* Products */ = {
			isa = PBXGroup;
			children = (
				9829C1B8259886C0000A893E /* CardStackDemo.app */,
				9829C1CE259886C1000A893E /* CardStackDemoTests.xctest */,
				9829C1D9259886C1000A893E /* CardStackDemoUITests.xctest */,
			);
			name = Products;
			sourceTree = "<group>";
		};
		9829C1BA259886C0000A893E /* CardStackDemo */ = {
			isa = PBXGroup;
			children = (
				9829C1C6259886C1000A893E /* LaunchScreen.storyboard */,
				9829C1C1259886C0000A893E /* Main.storyboard */,
				9829C1C9259886C1000A893E /* Info.plist */,
				9829C1C4259886C1000A893E /* Assets.xcassets */,
				9829C1BB259886C0000A893E /* AppDelegate.swift */,
				9829C1BD259886C0000A893E /* SceneDelegate.swift */,
				9829C1BF259886C0000A893E /* ViewController.swift */,
				9829C207259896F9000A893E /* ChildViewControllers */,
			);
			path = CardStackDemo;
			sourceTree = "<group>";
		};
		9829C1D1259886C1000A893E /* CardStackDemoTests */ = {
			isa = PBXGroup;
			children = (
				9829C1D2259886C1000A893E /* CardStackDemoTests.swift */,
				9829C1D4259886C1000A893E /* Info.plist */,
			);
			path = CardStackDemoTests;
			sourceTree = "<group>";
		};
		9829C1DC259886C1000A893E /* CardStackDemoUITests */ = {
			isa = PBXGroup;
			children = (
				9829C1DD259886C1000A893E /* CardStackDemoUITests.swift */,
				9829C1DF259886C1000A893E /* Info.plist */,
			);
			path = CardStackDemoUITests;
			sourceTree = "<group>";
		};
		9829C1F525988CFB000A893E /* Frameworks */ = {
			isa = PBXGroup;
			children = (
				9829C1F625988CFB000A893E /* CardStack.framework */,
			);
			name = Frameworks;
			sourceTree = "<group>";
		};
		9829C207259896F9000A893E /* ChildViewControllers */ = {
			isa = PBXGroup;
			children = (
				9829C2082598971C000A893E /* FirstViewController.swift */,
				9829C20E2598972C000A893E /* SecondViewController.swift */,
				9829C21225989738000A893E /* ThirdViewController.swift */,
				9829C21625989744000A893E /* FourthViewController.swift */,
			);
			path = ChildViewControllers;
			sourceTree = "<group>";
		};
/* End PBXGroup section */

/* Begin PBXNativeTarget section */
		9829C1B7259886C0000A893E /* CardStackDemo */ = {
			isa = PBXNativeTarget;
			buildConfigurationList = 9829C1E2259886C1000A893E /* Build configuration list for PBXNativeTarget "CardStackDemo" */;
			buildPhases = (
				9829C1B4259886C0000A893E /* Sources */,
				9829C1B5259886C0000A893E /* Frameworks */,
				9829C1B6259886C0000A893E /* Resources */,
				9829C1F925988CFB000A893E /* Embed Frameworks */,
			);
			buildRules = (
			);
			dependencies = (
			);
			name = CardStackDemo;
			productName = CardStackDemo;
			productReference = 9829C1B8259886C0000A893E /* CardStackDemo.app */;
			productType = "com.apple.product-type.application";
		};
		9829C1CD259886C1000A893E /* CardStackDemoTests */ = {
			isa = PBXNativeTarget;
			buildConfigurationList = 9829C1E5259886C1000A893E /* Build configuration list for PBXNativeTarget "CardStackDemoTests" */;
			buildPhases = (
				9829C1CA259886C1000A893E /* Sources */,
				9829C1CB259886C1000A893E /* Frameworks */,
				9829C1CC259886C1000A893E /* Resources */,
			);
			buildRules = (
			);
			dependencies = (
				9829C1D0259886C1000A893E /* PBXTargetDependency */,
			);
			name = CardStackDemoTests;
			productName = CardStackDemoTests;
			productReference = 9829C1CE259886C1000A893E /* CardStackDemoTests.xctest */;
			productType = "com.apple.product-type.bundle.unit-test";
		};
		9829C1D8259886C1000A893E /* CardStackDemoUITests */ = {
			isa = PBXNativeTarget;
			buildConfigurationList = 9829C1E8259886C1000A893E /* Build configuration list for PBXNativeTarget "CardStackDemoUITests" */;
			buildPhases = (
				9829C1D5259886C1000A893E /* Sources */,
				9829C1D6259886C1000A893E /* Frameworks */,
				9829C1D7259886C1000A893E /* Resources */,
			);
			buildRules = (
			);
			dependencies = (
				9829C1DB259886C1000A893E /* PBXTargetDependency */,
			);
			name = CardStackDemoUITests;
			productName = CardStackDemoUITests;
			productReference = 9829C1D9259886C1000A893E /* CardStackDemoUITests.xctest */;
			productType = "com.apple.product-type.bundle.ui-testing";
		};
/* End PBXNativeTarget section */

/* Begin PBXProject section */
		9829C1B0259886C0000A893E /* Project object */ = {
			isa = PBXProject;
			attributes = {
				LastSwiftUpdateCheck = 1230;
				LastUpgradeCheck = 1230;
				TargetAttributes = {
					9829C1B7259886C0000A893E = {
						CreatedOnToolsVersion = 12.3;
					};
					9829C1CD259886C1000A893E = {
						CreatedOnToolsVersion = 12.3;
						TestTargetID = 9829C1B7259886C0000A893E;
					};
					9829C1D8259886C1000A893E = {
						CreatedOnToolsVersion = 12.3;
						TestTargetID = 9829C1B7259886C0000A893E;
					};
				};
			};
			buildConfigurationList = 9829C1B3259886C0000A893E /* Build configuration list for PBXProject "CardStackDemo" */;
			compatibilityVersion = "Xcode 9.3";
			developmentRegion = en;
			hasScannedForEncodings = 0;
			knownRegions = (
				en,
				Base,
			);
			mainGroup = 9829C1AF259886C0000A893E;
			productRefGroup = 9829C1B9259886C0000A893E /* Products */;
			projectDirPath = "";
			projectRoot = "";
			targets = (
				9829C1B7259886C0000A893E /* CardStackDemo */,
				9829C1CD259886C1000A893E /* CardStackDemoTests */,
				9829C1D8259886C1000A893E /* CardStackDemoUITests */,
			);
		};
/* End PBXProject section */

/* Begin PBXResourcesBuildPhase section */
		9829C1B6259886C0000A893E /* Resources */ = {
			isa = PBXResourcesBuildPhase;
			buildActionMask = 2147483647;
			files = (
				9829C1C8259886C1000A893E /* LaunchScreen.storyboard in Resources */,
				9829C1C5259886C1000A893E /* Assets.xcassets in Resources */,
				9829C1C3259886C0000A893E /* Main.storyboard in Resources */,
			);
			runOnlyForDeploymentPostprocessing = 0;
		};
		9829C1CC259886C1000A893E /* Resources */ = {
			isa = PBXResourcesBuildPhase;
			buildActionMask = 2147483647;
			files = (
			);
			runOnlyForDeploymentPostprocessing = 0;
		};
		9829C1D7259886C1000A893E /* Resources */ = {
			isa = PBXResourcesBuildPhase;
			buildActionMask = 2147483647;
			files = (
			);
			runOnlyForDeploymentPostprocessing = 0;
		};
/* End PBXResourcesBuildPhase section */

/* Begin PBXSourcesBuildPhase section */
		9829C1B4259886C0000A893E /* Sources */ = {
			isa = PBXSourcesBuildPhase;
			buildActionMask = 2147483647;
			files = (
				9829C1C0259886C0000A893E /* ViewController.swift in Sources */,
				9829C1BC259886C0000A893E /* AppDelegate.swift in Sources */,
				9829C1BE259886C0000A893E /* SceneDelegate.swift in Sources */,
				9829C21725989744000A893E /* FourthViewController.swift in Sources */,
				9829C20F2598972C000A893E /* SecondViewController.swift in Sources */,
				9829C21325989738000A893E /* ThirdViewController.swift in Sources */,
				9829C2092598971C000A893E /* FirstViewController.swift in Sources */,
			);
			runOnlyForDeploymentPostprocessing = 0;
		};
		9829C1CA259886C1000A893E /* Sources */ = {
			isa = PBXSourcesBuildPhase;
			buildActionMask = 2147483647;
			files = (
				9829C1D3259886C1000A893E /* CardStackDemoTests.swift in Sources */,
			);
			runOnlyForDeploymentPostprocessing = 0;
		};
		9829C1D5259886C1000A893E /* Sources */ = {
			isa = PBXSourcesBuildPhase;
			buildActionMask = 2147483647;
			files = (
				9829C1DE259886C1000A893E /* CardStackDemoUITests.swift in Sources */,
			);
			runOnlyForDeploymentPostprocessing = 0;
		};
/* End PBXSourcesBuildPhase section */

/* Begin PBXTargetDependency section */
		9829C1D0259886C1000A893E /* PBXTargetDependency */ = {
			isa = PBXTargetDependency;
			target = 9829C1B7259886C0000A893E /* CardStackDemo */;
			targetProxy = 9829C1CF259886C1000A893E /* PBXContainerItemProxy */;
		};
		9829C1DB259886C1000A893E /* PBXTargetDependency */ = {
			isa = PBXTargetDependency;
			target = 9829C1B7259886C0000A893E /* CardStackDemo */;
			targetProxy = 9829C1DA259886C1000A893E /* PBXContainerItemProxy */;
		};
/* End PBXTargetDependency section */

/* Begin PBXVariantGroup section */
		9829C1C1259886C0000A893E /* Main.storyboard */ = {
			isa = PBXVariantGroup;
			children = (
				9829C1C2259886C0000A893E /* Base */,
			);
			name = Main.storyboard;
			sourceTree = "<group>";
		};
		9829C1C6259886C1000A893E /* LaunchScreen.storyboard */ = {
			isa = PBXVariantGroup;
			children = (
				9829C1C7259886C1000A893E /* Base */,
			);
			name = LaunchScreen.storyboard;
			sourceTree = "<group>";
		};
/* End PBXVariantGroup section */

/* Begin XCBuildConfiguration section */
		9829C1E0259886C1000A893E /* Debug */ = {
			isa = XCBuildConfiguration;
			buildSettings = {
				ALWAYS_SEARCH_USER_PATHS = NO;
				CLANG_ANALYZER_NONNULL = YES;
				CLANG_ANALYZER_NUMBER_OBJECT_CONVERSION = YES_AGGRESSIVE;
				CLANG_CXX_LANGUAGE_STANDARD = "gnu++14";
				CLANG_CXX_LIBRARY = "libc++";
				CLANG_ENABLE_MODULES = YES;
				CLANG_ENABLE_OBJC_ARC = YES;
				CLANG_ENABLE_OBJC_WEAK = YES;
				CLANG_WARN_BLOCK_CAPTURE_AUTORELEASING = YES;
				CLANG_WARN_BOOL_CONVERSION = YES;
				CLANG_WARN_COMMA = YES;
				CLANG_WARN_CONSTANT_CONVERSION = YES;
				CLANG_WARN_DEPRECATED_OBJC_IMPLEMENTATIONS = YES;
				CLANG_WARN_DIRECT_OBJC_ISA_USAGE = YES_ERROR;
				CLANG_WARN_DOCUMENTATION_COMMENTS = YES;
				CLANG_WARN_EMPTY_BODY = YES;
				CLANG_WARN_ENUM_CONVERSION = YES;
				CLANG_WARN_INFINITE_RECURSION = YES;
				CLANG_WARN_INT_CONVERSION = YES;
				CLANG_WARN_NON_LITERAL_NULL_CONVERSION = YES;
				CLANG_WARN_OBJC_IMPLICIT_RETAIN_SELF = YES;
				CLANG_WARN_OBJC_LITERAL_CONVERSION = YES;
				CLANG_WARN_OBJC_ROOT_CLASS = YES_ERROR;
				CLANG_WARN_QUOTED_INCLUDE_IN_FRAMEWORK_HEADER = YES;
				CLANG_WARN_RANGE_LOOP_ANALYSIS = YES;
				CLANG_WARN_STRICT_PROTOTYPES = YES;
				CLANG_WARN_SUSPICIOUS_MOVE = YES;
				CLANG_WARN_UNGUARDED_AVAILABILITY = YES_AGGRESSIVE;
				CLANG_WARN_UNREACHABLE_CODE = YES;
				CLANG_WARN__DUPLICATE_METHOD_MATCH = YES;
				COPY_PHASE_STRIP = NO;
				DEBUG_INFORMATION_FORMAT = dwarf;
				ENABLE_STRICT_OBJC_MSGSEND = YES;
				ENABLE_TESTABILITY = YES;
				GCC_C_LANGUAGE_STANDARD = gnu11;
				GCC_DYNAMIC_NO_PIC = NO;
				GCC_NO_COMMON_BLOCKS = YES;
				GCC_OPTIMIZATION_LEVEL = 0;
				GCC_PREPROCESSOR_DEFINITIONS = (
					"DEBUG=1",
					"$(inherited)",
				);
				GCC_WARN_64_TO_32_BIT_CONVERSION = YES;
				GCC_WARN_ABOUT_RETURN_TYPE = YES_ERROR;
				GCC_WARN_UNDECLARED_SELECTOR = YES;
				GCC_WARN_UNINITIALIZED_AUTOS = YES_AGGRESSIVE;
				GCC_WARN_UNUSED_FUNCTION = YES;
				GCC_WARN_UNUSED_VARIABLE = YES;
				IPHONEOS_DEPLOYMENT_TARGET = 14.3;
				MTL_ENABLE_DEBUG_INFO = INCLUDE_SOURCE;
				MTL_FAST_MATH = YES;
				ONLY_ACTIVE_ARCH = YES;
				SDKROOT = iphoneos;
				SWIFT_ACTIVE_COMPILATION_CONDITIONS = DEBUG;
				SWIFT_OPTIMIZATION_LEVEL = "-Onone";
			};
			name = Debug;
		};
		9829C1E1259886C1000A893E /* Release */ = {
			isa = XCBuildConfiguration;
			buildSettings = {
				ALWAYS_SEARCH_USER_PATHS = NO;
				CLANG_ANALYZER_NONNULL = YES;
				CLANG_ANALYZER_NUMBER_OBJECT_CONVERSION = YES_AGGRESSIVE;
				CLANG_CXX_LANGUAGE_STANDARD = "gnu++14";
				CLANG_CXX_LIBRARY = "libc++";
				CLANG_ENABLE_MODULES = YES;
				CLANG_ENABLE_OBJC_ARC = YES;
				CLANG_ENABLE_OBJC_WEAK = YES;
				CLANG_WARN_BLOCK_CAPTURE_AUTORELEASING = YES;
				CLANG_WARN_BOOL_CONVERSION = YES;
				CLANG_WARN_COMMA = YES;
				CLANG_WARN_CONSTANT_CONVERSION = YES;
				CLANG_WARN_DEPRECATED_OBJC_IMPLEMENTATIONS = YES;
				CLANG_WARN_DIRECT_OBJC_ISA_USAGE = YES_ERROR;
				CLANG_WARN_DOCUMENTATION_COMMENTS = YES;
				CLANG_WARN_EMPTY_BODY = YES;
				CLANG_WARN_ENUM_CONVERSION = YES;
				CLANG_WARN_INFINITE_RECURSION = YES;
				CLANG_WARN_INT_CONVERSION = YES;
				CLANG_WARN_NON_LITERAL_NULL_CONVERSION = YES;
				CLANG_WARN_OBJC_IMPLICIT_RETAIN_SELF = YES;
				CLANG_WARN_OBJC_LITERAL_CONVERSION = YES;
				CLANG_WARN_OBJC_ROOT_CLASS = YES_ERROR;
				CLANG_WARN_QUOTED_INCLUDE_IN_FRAMEWORK_HEADER = YES;
				CLANG_WARN_RANGE_LOOP_ANALYSIS = YES;
				CLANG_WARN_STRICT_PROTOTYPES = YES;
				CLANG_WARN_SUSPICIOUS_MOVE = YES;
				CLANG_WARN_UNGUARDED_AVAILABILITY = YES_AGGRESSIVE;
				CLANG_WARN_UNREACHABLE_CODE = YES;
				CLANG_WARN__DUPLICATE_METHOD_MATCH = YES;
				COPY_PHASE_STRIP = NO;
				DEBUG_INFORMATION_FORMAT = "dwarf-with-dsym";
				ENABLE_NS_ASSERTIONS = NO;
				ENABLE_STRICT_OBJC_MSGSEND = YES;
				GCC_C_LANGUAGE_STANDARD = gnu11;
				GCC_NO_COMMON_BLOCKS = YES;
				GCC_WARN_64_TO_32_BIT_CONVERSION = YES;
				GCC_WARN_ABOUT_RETURN_TYPE = YES_ERROR;
				GCC_WARN_UNDECLARED_SELECTOR = YES;
				GCC_WARN_UNINITIALIZED_AUTOS = YES_AGGRESSIVE;
				GCC_WARN_UNUSED_FUNCTION = YES;
				GCC_WARN_UNUSED_VARIABLE = YES;
				IPHONEOS_DEPLOYMENT_TARGET = 14.3;
				MTL_ENABLE_DEBUG_INFO = NO;
				MTL_FAST_MATH = YES;
				SDKROOT = iphoneos;
				SWIFT_COMPILATION_MODE = wholemodule;
				SWIFT_OPTIMIZATION_LEVEL = "-O";
				VALIDATE_PRODUCT = YES;
			};
			name = Release;
		};
		9829C1E3259886C1000A893E /* Debug */ = {
			isa = XCBuildConfiguration;
			buildSettings = {
				ASSETCATALOG_COMPILER_APPICON_NAME = AppIcon;
				ASSETCATALOG_COMPILER_GLOBAL_ACCENT_COLOR_NAME = AccentColor;
				CODE_SIGN_STYLE = Automatic;
				DEVELOPMENT_TEAM = BMZMVWGL7D;
				INFOPLIST_FILE = CardStackDemo/Info.plist;
				LD_RUNPATH_SEARCH_PATHS = (
					"$(inherited)",
					"@executable_path/Frameworks",
				);
				PRODUCT_BUNDLE_IDENTIFIER = test.CardStackDemo;
				PRODUCT_NAME = "$(TARGET_NAME)";
				SWIFT_VERSION = 5.0;
				TARGETED_DEVICE_FAMILY = "1,2";
			};
			name = Debug;
		};
		9829C1E4259886C1000A893E /* Release */ = {
			isa = XCBuildConfiguration;
			buildSettings = {
				ASSETCATALOG_COMPILER_APPICON_NAME = AppIcon;
				ASSETCATALOG_COMPILER_GLOBAL_ACCENT_COLOR_NAME = AccentColor;
				CODE_SIGN_STYLE = Automatic;
				DEVELOPMENT_TEAM = BMZMVWGL7D;
				INFOPLIST_FILE = CardStackDemo/Info.plist;
				LD_RUNPATH_SEARCH_PATHS = (
					"$(inherited)",
					"@executable_path/Frameworks",
				);
				PRODUCT_BUNDLE_IDENTIFIER = test.CardStackDemo;
				PRODUCT_NAME = "$(TARGET_NAME)";
				SWIFT_VERSION = 5.0;
				TARGETED_DEVICE_FAMILY = "1,2";
			};
			name = Release;
		};
		9829C1E6259886C1000A893E /* Debug */ = {
			isa = XCBuildConfiguration;
			buildSettings = {
				ALWAYS_EMBED_SWIFT_STANDARD_LIBRARIES = YES;
				BUNDLE_LOADER = "$(TEST_HOST)";
				CODE_SIGN_STYLE = Automatic;
				DEVELOPMENT_TEAM = BMZMVWGL7D;
				INFOPLIST_FILE = CardStackDemoTests/Info.plist;
				IPHONEOS_DEPLOYMENT_TARGET = 14.3;
				LD_RUNPATH_SEARCH_PATHS = (
					"$(inherited)",
					"@executable_path/Frameworks",
					"@loader_path/Frameworks",
				);
				PRODUCT_BUNDLE_IDENTIFIER = test.CardStackDemoTests;
				PRODUCT_NAME = "$(TARGET_NAME)";
				SWIFT_VERSION = 5.0;
				TARGETED_DEVICE_FAMILY = "1,2";
				TEST_HOST = "$(BUILT_PRODUCTS_DIR)/CardStackDemo.app/CardStackDemo";
			};
			name = Debug;
		};
		9829C1E7259886C1000A893E /* Release */ = {
			isa = XCBuildConfiguration;
			buildSettings = {
				ALWAYS_EMBED_SWIFT_STANDARD_LIBRARIES = YES;
				BUNDLE_LOADER = "$(TEST_HOST)";
				CODE_SIGN_STYLE = Automatic;
				DEVELOPMENT_TEAM = BMZMVWGL7D;
				INFOPLIST_FILE = CardStackDemoTests/Info.plist;
				IPHONEOS_DEPLOYMENT_TARGET = 14.3;
				LD_RUNPATH_SEARCH_PATHS = (
					"$(inherited)",
					"@executable_path/Frameworks",
					"@loader_path/Frameworks",
				);
				PRODUCT_BUNDLE_IDENTIFIER = test.CardStackDemoTests;
				PRODUCT_NAME = "$(TARGET_NAME)";
				SWIFT_VERSION = 5.0;
				TARGETED_DEVICE_FAMILY = "1,2";
				TEST_HOST = "$(BUILT_PRODUCTS_DIR)/CardStackDemo.app/CardStackDemo";
			};
			name = Release;
		};
		9829C1E9259886C1000A893E /* Debug */ = {
			isa = XCBuildConfiguration;
			buildSettings = {
				ALWAYS_EMBED_SWIFT_STANDARD_LIBRARIES = YES;
				CODE_SIGN_STYLE = Automatic;
				DEVELOPMENT_TEAM = BMZMVWGL7D;
				INFOPLIST_FILE = CardStackDemoUITests/Info.plist;
				LD_RUNPATH_SEARCH_PATHS = (
					"$(inherited)",
					"@executable_path/Frameworks",
					"@loader_path/Frameworks",
				);
				PRODUCT_BUNDLE_IDENTIFIER = test.CardStackDemoUITests;
				PRODUCT_NAME = "$(TARGET_NAME)";
				SWIFT_VERSION = 5.0;
				TARGETED_DEVICE_FAMILY = "1,2";
				TEST_TARGET_NAME = CardStackDemo;
			};
			name = Debug;
		};
		9829C1EA259886C1000A893E /* Release */ = {
			isa = XCBuildConfiguration;
			buildSettings = {
				ALWAYS_EMBED_SWIFT_STANDARD_LIBRARIES = YES;
				CODE_SIGN_STYLE = Automatic;
				DEVELOPMENT_TEAM = BMZMVWGL7D;
				INFOPLIST_FILE = CardStackDemoUITests/Info.plist;
				LD_RUNPATH_SEARCH_PATHS = (
					"$(inherited)",
					"@executable_path/Frameworks",
					"@loader_path/Frameworks",
				);
				PRODUCT_BUNDLE_IDENTIFIER = test.CardStackDemoUITests;
				PRODUCT_NAME = "$(TARGET_NAME)";
				SWIFT_VERSION = 5.0;
				TARGETED_DEVICE_FAMILY = "1,2";
				TEST_TARGET_NAME = CardStackDemo;
			};
			name = Release;
		};
/* End XCBuildConfiguration section */

/* Begin XCConfigurationList section */
		9829C1B3259886C0000A893E /* Build configuration list for PBXProject "CardStackDemo" */ = {
			isa = XCConfigurationList;
			buildConfigurations = (
				9829C1E0259886C1000A893E /* Debug */,
				9829C1E1259886C1000A893E /* Release */,
			);
			defaultConfigurationIsVisible = 0;
			defaultConfigurationName = Release;
		};
		9829C1E2259886C1000A893E /* Build configuration list for PBXNativeTarget "CardStackDemo" */ = {
			isa = XCConfigurationList;
			buildConfigurations = (
				9829C1E3259886C1000A893E /* Debug */,
				9829C1E4259886C1000A893E /* Release */,
			);
			defaultConfigurationIsVisible = 0;
			defaultConfigurationName = Release;
		};
		9829C1E5259886C1000A893E /* Build configuration list for PBXNativeTarget "CardStackDemoTests" */ = {
			isa = XCConfigurationList;
			buildConfigurations = (
				9829C1E6259886C1000A893E /* Debug */,
				9829C1E7259886C1000A893E /* Release */,
			);
			defaultConfigurationIsVisible = 0;
			defaultConfigurationName = Release;
		};
		9829C1E8259886C1000A893E /* Build configuration list for PBXNativeTarget "CardStackDemoUITests" */ = {
			isa = XCConfigurationList;
			buildConfigurations = (
				9829C1E9259886C1000A893E /* Debug */,
				9829C1EA259886C1000A893E /* Release */,
			);
			defaultConfigurationIsVisible = 0;
			defaultConfigurationName = Release;
		};
/* End XCConfigurationList section */
	};
	rootObject = 9829C1B0259886C0000A893E /* Project object */;
}
